
Microsoft Visual Studio Solution File, Format Version 12.00
# Visual Studio Version 16
VisualStudioVersion = 16.0.30611.23
MinimumVisualStudioVersion = 10.0.40219.1
Project("{FAE04EC0-301F-11D3-BF4B-00C04F79EFBC}") = "lab task 1", "lab task 1\lab task 1.csproj", "{D636336E-D9BE-4716-A58A-A1E757698FE3}"
EndProject
Global
	GlobalSection(SolutionConfigurationPlatforms) = preSolution
		Debug|Any CPU = Debug|Any CPU
		Release|Any CPU = Release|Any CPU
	EndGlobalSection
	GlobalSection(ProjectConfigurationPlatforms) = postSolution
		{D636336E-D9BE-4716-A58A-A1E757698FE3}.Debug|Any CPU.ActiveCfg = Debug|Any CPU
		{D636336E-D9BE-4716-A58A-A1E757698FE3}.Debug|Any CPU.Build.0 = Debug|Any CPU
		{D636336E-D9BE-4716-A58A-A1E757698FE3}.Release|Any CPU.ActiveCfg = Release|Any CPU
		{D636336E-D9BE-4716-A58A-A1E757698FE3}.Release|Any CPU.Build.0 = Release|Any CPU
	EndGlobalSection
	GlobalSection(SolutionProperties) = preSolution
		HideSolutionNode = FALSE
	EndGlobalSection
	GlobalSection(ExtensibilityGlobals) = postSolution
		SolutionGuid = {0630751C-BF5E-48A5-B717-593F2EEE461E}
	EndGlobalSection
EndGlobal
