
Microsoft Visual Studio Solution File, Format Version 12.00
# Visual Studio Version 16
VisualStudioVersion = 16.0.30611.23
MinimumVisualStudioVersion = 10.0.40219.1
Project("{FAE04EC0-301F-11D3-BF4B-00C04F79EFBC}") = "Mid Assingment", "Mid Assingment.csproj", "{7D9AA77C-0B57-4030-A589-1F6DFDB8734A}"
EndProject
Global
	GlobalSection(SolutionConfigurationPlatforms) = preSolution
		Debug|Any CPU = Debug|Any CPU
		Release|Any CPU = Release|Any CPU
	EndGlobalSection
	GlobalSection(ProjectConfigurationPlatforms) = postSolution
		{7D9AA77C-0B57-4030-A589-1F6DFDB8734A}.Debug|Any CPU.ActiveCfg = Debug|Any CPU
		{7D9AA77C-0B57-4030-A589-1F6DFDB8734A}.Debug|Any CPU.Build.0 = Debug|Any CPU
		{7D9AA77C-0B57-4030-A589-1F6DFDB8734A}.Release|Any CPU.ActiveCfg = Release|Any CPU
		{7D9AA77C-0B57-4030-A589-1F6DFDB8734A}.Release|Any CPU.Build.0 = Release|Any CPU
	EndGlobalSection
	GlobalSection(SolutionProperties) = preSolution
		HideSolutionNode = FALSE
	EndGlobalSection
	GlobalSection(ExtensibilityGlobals) = postSolution
		SolutionGuid = {37E4025D-DA4E-4215-9433-D6CF3C68F480}
	EndGlobalSection
EndGlobal
