
Microsoft Visual Studio Solution File, Format Version 12.00
# Visual Studio Version 16
VisualStudioVersion = 16.0.30611.23
MinimumVisualStudioVersion = 10.0.40219.1
Project("{FAE04EC0-301F-11D3-BF4B-00C04F79EFBC}") = "lab 7 interface 3", "lab 7 interface 3.csproj", "{6B15801D-5B48-4E12-897B-5B8611D71D12}"
EndProject
Global
	GlobalSection(SolutionConfigurationPlatforms) = preSolution
		Debug|Any CPU = Debug|Any CPU
		Release|Any CPU = Release|Any CPU
	EndGlobalSection
	GlobalSection(ProjectConfigurationPlatforms) = postSolution
		{6B15801D-5B48-4E12-897B-5B8611D71D12}.Debug|Any CPU.ActiveCfg = Debug|Any CPU
		{6B15801D-5B48-4E12-897B-5B8611D71D12}.Debug|Any CPU.Build.0 = Debug|Any CPU
		{6B15801D-5B48-4E12-897B-5B8611D71D12}.Release|Any CPU.ActiveCfg = Release|Any CPU
		{6B15801D-5B48-4E12-897B-5B8611D71D12}.Release|Any CPU.Build.0 = Release|Any CPU
	EndGlobalSection
	GlobalSection(SolutionProperties) = preSolution
		HideSolutionNode = FALSE
	EndGlobalSection
	GlobalSection(ExtensibilityGlobals) = postSolution
		SolutionGuid = {EA881526-3A42-4C24-9B00-E06FEB9E3FE5}
	EndGlobalSection
EndGlobal
